// !$*UTF8*$!
{
	archiveVersion = 1;
	classes = {
	};
	objectVersion = 50;
	objects = {

/* Begin PBXBuildFile section */
		CFB50D3825D5C95500A41372 /* AppDelegate.swift in Sources */ = {isa = PBXBuildFile; fileRef = CFB50D3725D5C95500A41372 /* AppDelegate.swift */; };
		CFB50D3A25D5C95500A41372 /* SceneDelegate.swift in Sources */ = {isa = PBXBuildFile; fileRef = CFB50D3925D5C95500A41372 /* SceneDelegate.swift */; };
		CFB50D3C25D5C95500A41372 /* ViewController.swift in Sources */ = {isa = PBXBuildFile; fileRef = CFB50D3B25D5C95500A41372 /* ViewController.swift */; };
		CFB50D3F25D5C95500A41372 /* Main.storyboard in Resources */ = {isa = PBXBuildFile; fileRef = CFB50D3D25D5C95500A41372 /* Main.storyboard */; };
		CFB50D4125D5C95B00A41372 /* Assets.xcassets in Resources */ = {isa = PBXBuildFile; fileRef = CFB50D4025D5C95B00A41372 /* Assets.xcassets */; };
		CFB50D4425D5C95B00A41372 /* LaunchScreen.storyboard in Resources */ = {isa = PBXBuildFile; fileRef = CFB50D4225D5C95B00A41372 /* LaunchScreen.storyboard */; };
		CFB50D4F25D5C95B00A41372 /* FlixTests.swift in Sources */ = {isa = PBXBuildFile; fileRef = CFB50D4E25D5C95B00A41372 /* FlixTests.swift */; };
		CFB50D5A25D5C95B00A41372 /* FlixUITests.swift in Sources */ = {isa = PBXBuildFile; fileRef = CFB50D5925D5C95B00A41372 /* FlixUITests.swift */; };
/* End PBXBuildFile section */

/* Begin PBXContainerItemProxy section */
		CFB50D4B25D5C95B00A41372 /* PBXContainerItemProxy */ = {
			isa = PBXContainerItemProxy;
			containerPortal = CFB50D2C25D5C95500A41372 /* Project object */;
			proxyType = 1;
			remoteGlobalIDString = CFB50D3325D5C95500A41372;
			remoteInfo = Flix;
		};
		CFB50D5625D5C95B00A41372 /* PBXContainerItemProxy */ = {
			isa = PBXContainerItemProxy;
			containerPortal = CFB50D2C25D5C95500A41372 /* Project object */;
			proxyType = 1;
			remoteGlobalIDString = CFB50D3325D5C95500A41372;
			remoteInfo = Flix;
		};
/* End PBXContainerItemProxy section */

/* Begin PBXFileReference section */
		CFB50D3425D5C95500A41372 /* Flix.app */ = {isa = PBXFileReference; explicitFileType = wrapper.application; includeInIndex = 0; path = Flix.app; sourceTree = BUILT_PRODUCTS_DIR; };
		CFB50D3725D5C95500A41372 /* AppDelegate.swift */ = {isa = PBXFileReference; lastKnownFileType = sourcecode.swift; path = AppDelegate.swift; sourceTree = "<group>"; };
		CFB50D3925D5C95500A41372 /* SceneDelegate.swift */ = {isa = PBXFileReference; lastKnownFileType = sourcecode.swift; path = SceneDelegate.swift; sourceTree = "<group>"; };
		CFB50D3B25D5C95500A41372 /* ViewController.swift */ = {isa = PBXFileReference; lastKnownFileType = sourcecode.swift; path = ViewController.swift; sourceTree = "<group>"; };
		CFB50D3E25D5C95500A41372 /* Base */ = {isa = PBXFileReference; lastKnownFileType = file.storyboard; name = Base; path = Base.lproj/Main.storyboard; sourceTree = "<group>"; };
		CFB50D4025D5C95B00A41372 /* Assets.xcassets */ = {isa = PBXFileReference; lastKnownFileType = folder.assetcatalog; path = Assets.xcassets; sourceTree = "<group>"; };
		CFB50D4325D5C95B00A41372 /* Base */ = {isa = PBXFileReference; lastKnownFileType = file.storyboard; name = Base; path = Base.lproj/LaunchScreen.storyboard; sourceTree = "<group>"; };
		CFB50D4525D5C95B00A41372 /* Info.plist */ = {isa = PBXFileReference; lastKnownFileType = text.plist.xml; path = Info.plist; sourceTree = "<group>"; };
		CFB50D4A25D5C95B00A41372 /* FlixTests.xctest */ = {isa = PBXFileReference; explicitFileType = wrapper.cfbundle; includeInIndex = 0; path = FlixTests.xctest; sourceTree = BUILT_PRODUCTS_DIR; };
		CFB50D4E25D5C95B00A41372 /* FlixTests.swift */ = {isa = PBXFileReference; lastKnownFileType = sourcecode.swift; path = FlixTests.swift; sourceTree = "<group>"; };
		CFB50D5025D5C95B00A41372 /* Info.plist */ = {isa = PBXFileReference; lastKnownFileType = text.plist.xml; path = Info.plist; sourceTree = "<group>"; };
		CFB50D5525D5C95B00A41372 /* FlixUITests.xctest */ = {isa = PBXFileReference; explicitFileType = wrapper.cfbundle; includeInIndex = 0; path = FlixUITests.xctest; sourceTree = BUILT_PRODUCTS_DIR; };
		CFB50D5925D5C95B00A41372 /* FlixUITests.swift */ = {isa = PBXFileReference; lastKnownFileType = sourcecode.swift; path = FlixUITests.swift; sourceTree = "<group>"; };
		CFB50D5B25D5C95B00A41372 /* Info.plist */ = {isa = PBXFileReference; lastKnownFileType = text.plist.xml; path = Info.plist; sourceTree = "<group>"; };
/* End PBXFileReference section */

/* Begin PBXFrameworksBuildPhase section */
		CFB50D3125D5C95500A41372 /* Frameworks */ = {
			isa = PBXFrameworksBuildPhase;
			buildActionMask = 2147483647;
			files = (
			);
			runOnlyForDeploymentPostprocessing = 0;
		};
		CFB50D4725D5C95B00A41372 /* Frameworks */ = {
			isa = PBXFrameworksBuildPhase;
			buildActionMask = 2147483647;
			files = (
			);
			runOnlyForDeploymentPostprocessing = 0;
		};
		CFB50D5225D5C95B00A41372 /* Frameworks */ = {
			isa = PBXFrameworksBuildPhase;
			buildActionMask = 2147483647;
			files = (
			);
			runOnlyForDeploymentPostprocessing = 0;
		};
/* End PBXFrameworksBuildPhase section */

/* Begin PBXGroup section */
		CFB50D2B25D5C95500A41372 = {
			isa = PBXGroup;
			children = (
				CFB50D3625D5C95500A41372 /* Flix */,
				CFB50D4D25D5C95B00A41372 /* FlixTests */,
				CFB50D5825D5C95B00A41372 /* FlixUITests */,
				CFB50D3525D5C95500A41372 /* Products */,
			);
			sourceTree = "<group>";
		};
		CFB50D3525D5C95500A41372 /* Products */ = {
			isa = PBXGroup;
			children = (
				CFB50D3425D5C95500A41372 /* Flix.app */,
				CFB50D4A25D5C95B00A41372 /* FlixTests.xctest */,
				CFB50D5525D5C95B00A41372 /* FlixUITests.xctest */,
			);
			name = Products;
			sourceTree = "<group>";
		};
		CFB50D3625D5C95500A41372 /* Flix */ = {
			isa = PBXGroup;
			children = (
				CFB50D3725D5C95500A41372 /* AppDelegate.swift */,
				CFB50D3925D5C95500A41372 /* SceneDelegate.swift */,
				CFB50D3B25D5C95500A41372 /* ViewController.swift */,
				CFB50D3D25D5C95500A41372 /* Main.storyboard */,
				CFB50D4025D5C95B00A41372 /* Assets.xcassets */,
				CFB50D4225D5C95B00A41372 /* LaunchScreen.storyboard */,
				CFB50D4525D5C95B00A41372 /* Info.plist */,
			);
			path = Flix;
			sourceTree = "<group>";
		};
		CFB50D4D25D5C95B00A41372 /* FlixTests */ = {
			isa = PBXGroup;
			children = (
				CFB50D4E25D5C95B00A41372 /* FlixTests.swift */,
				CFB50D5025D5C95B00A41372 /* Info.plist */,
			);
			path = FlixTests;
			sourceTree = "<group>";
		};
		CFB50D5825D5C95B00A41372 /* FlixUITests */ = {
			isa = PBXGroup;
			children = (
				CFB50D5925D5C95B00A41372 /* FlixUITests.swift */,
				CFB50D5B25D5C95B00A41372 /* Info.plist */,
			);
			path = FlixUITests;
			sourceTree = "<group>";
		};
/* End PBXGroup section */

/* Begin PBXNativeTarget section */
		CFB50D3325D5C95500A41372 /* Flix */ = {
			isa = PBXNativeTarget;
			buildConfigurationList = CFB50D5E25D5C95B00A41372 /* Build configuration list for PBXNativeTarget "Flix" */;
			buildPhases = (
				CFB50D3025D5C95500A41372 /* Sources */,
				CFB50D3125D5C95500A41372 /* Frameworks */,
				CFB50D3225D5C95500A41372 /* Resources */,
			);
			buildRules = (
			);
			dependencies = (
			);
			name = Flix;
			productName = Flix;
			productReference = CFB50D3425D5C95500A41372 /* Flix.app */;
			productType = "com.apple.product-type.application";
		};
		CFB50D4925D5C95B00A41372 /* FlixTests */ = {
			isa = PBXNativeTarget;
			buildConfigurationList = CFB50D6125D5C95B00A41372 /* Build configuration list for PBXNativeTarget "FlixTests" */;
			buildPhases = (
				CFB50D4625D5C95B00A41372 /* Sources */,
				CFB50D4725D5C95B00A41372 /* Frameworks */,
				CFB50D4825D5C95B00A41372 /* Resources */,
			);
			buildRules = (
			);
			dependencies = (
				CFB50D4C25D5C95B00A41372 /* PBXTargetDependency */,
			);
			name = FlixTests;
			productName = FlixTests;
			productReference = CFB50D4A25D5C95B00A41372 /* FlixTests.xctest */;
			productType = "com.apple.product-type.bundle.unit-test";
		};
		CFB50D5425D5C95B00A41372 /* FlixUITests */ = {
			isa = PBXNativeTarget;
			buildConfigurationList = CFB50D6425D5C95B00A41372 /* Build configuration list for PBXNativeTarget "FlixUITests" */;
			buildPhases = (
				CFB50D5125D5C95B00A41372 /* Sources */,
				CFB50D5225D5C95B00A41372 /* Frameworks */,
				CFB50D5325D5C95B00A41372 /* Resources */,
			);
			buildRules = (
			);
			dependencies = (
				CFB50D5725D5C95B00A41372 /* PBXTargetDependency */,
			);
			name = FlixUITests;
			productName = FlixUITests;
			productReference = CFB50D5525D5C95B00A41372 /* FlixUITests.xctest */;
			productType = "com.apple.product-type.bundle.ui-testing";
		};
/* End PBXNativeTarget section */

/* Begin PBXProject section */
		CFB50D2C25D5C95500A41372 /* Project object */ = {
			isa = PBXProject;
			attributes = {
				LastSwiftUpdateCheck = 1240;
				LastUpgradeCheck = 1240;
				TargetAttributes = {
					CFB50D3325D5C95500A41372 = {
						CreatedOnToolsVersion = 12.4;
					};
					CFB50D4925D5C95B00A41372 = {
						CreatedOnToolsVersion = 12.4;
						TestTargetID = CFB50D3325D5C95500A41372;
					};
					CFB50D5425D5C95B00A41372 = {
						CreatedOnToolsVersion = 12.4;
						TestTargetID = CFB50D3325D5C95500A41372;
					};
				};
			};
			buildConfigurationList = CFB50D2F25D5C95500A41372 /* Build configuration list for PBXProject "Flix" */;
			compatibilityVersion = "Xcode 9.3";
			developmentRegion = en;
			hasScannedForEncodings = 0;
			knownRegions = (
				en,
				Base,
			);
			mainGroup = CFB50D2B25D5C95500A41372;
			productRefGroup = CFB50D3525D5C95500A41372 /* Products */;
			projectDirPath = "";
			projectRoot = "";
			targets = (
				CFB50D3325D5C95500A41372 /* Flix */,
				CFB50D4925D5C95B00A41372 /* FlixTests */,
				CFB50D5425D5C95B00A41372 /* FlixUITests */,
			);
		};
/* End PBXProject section */

/* Begin PBXResourcesBuildPhase section */
		CFB50D3225D5C95500A41372 /* Resources */ = {
			isa = PBXResourcesBuildPhase;
			buildActionMask = 2147483647;
			files = (
				CFB50D4425D5C95B00A41372 /* LaunchScreen.storyboard in Resources */,
				CFB50D4125D5C95B00A41372 /* Assets.xcassets in Resources */,
				CFB50D3F25D5C95500A41372 /* Main.storyboard in Resources */,
			);
			runOnlyForDeploymentPostprocessing = 0;
		};
		CFB50D4825D5C95B00A41372 /* Resources */ = {
			isa = PBXResourcesBuildPhase;
			buildActionMask = 2147483647;
			files = (
			);
			runOnlyForDeploymentPostprocessing = 0;
		};
		CFB50D5325D5C95B00A41372 /* Resources */ = {
			isa = PBXResourcesBuildPhase;
			buildActionMask = 2147483647;
			files = (
			);
			runOnlyForDeploymentPostprocessing = 0;
		};
/* End PBXResourcesBuildPhase section */

/* Begin PBXSourcesBuildPhase section */
		CFB50D3025D5C95500A41372 /* Sources */ = {
			isa = PBXSourcesBuildPhase;
			buildActionMask = 2147483647;
			files = (
				CFB50D3C25D5C95500A41372 /* ViewController.swift in Sources */,
				CFB50D3825D5C95500A41372 /* AppDelegate.swift in Sources */,
				CFB50D3A25D5C95500A41372 /* SceneDelegate.swift in Sources */,
			);
			runOnlyForDeploymentPostprocessing = 0;
		};
		CFB50D4625D5C95B00A41372 /* Sources */ = {
			isa = PBXSourcesBuildPhase;
			buildActionMask = 2147483647;
			files = (
				CFB50D4F25D5C95B00A41372 /* FlixTests.swift in Sources */,
			);
			runOnlyForDeploymentPostprocessing = 0;
		};
		CFB50D5125D5C95B00A41372 /* Sources */ = {
			isa = PBXSourcesBuildPhase;
			buildActionMask = 2147483647;
			files = (
				CFB50D5A25D5C95B00A41372 /* FlixUITests.swift in Sources */,
			);
			runOnlyForDeploymentPostprocessing = 0;
		};
/* End PBXSourcesBuildPhase section */

/* Begin PBXTargetDependency section */
		CFB50D4C25D5C95B00A41372 /* PBXTargetDependency */ = {
			isa = PBXTargetDependency;
			target = CFB50D3325D5C95500A41372 /* Flix */;
			targetProxy = CFB50D4B25D5C95B00A41372 /* PBXContainerItemProxy */;
		};
		CFB50D5725D5C95B00A41372 /* PBXTargetDependency */ = {
			isa = PBXTargetDependency;
			target = CFB50D3325D5C95500A41372 /* Flix */;
			targetProxy = CFB50D5625D5C95B00A41372 /* PBXContainerItemProxy */;
		};
/* End PBXTargetDependency section */

/* Begin PBXVariantGroup section */
		CFB50D3D25D5C95500A41372 /* Main.storyboard */ = {
			isa = PBXVariantGroup;
			children = (
				CFB50D3E25D5C95500A41372 /* Base */,
			);
			name = Main.storyboard;
			sourceTree = "<group>";
		};
		CFB50D4225D5C95B00A41372 /* LaunchScreen.storyboard */ = {
			isa = PBXVariantGroup;
			children = (
				CFB50D4325D5C95B00A41372 /* Base */,
			);
			name = LaunchScreen.storyboard;
			sourceTree = "<group>";
		};
/* End PBXVariantGroup section */

/* Begin XCBuildConfiguration section */
		CFB50D5C25D5C95B00A41372 /* Debug */ = {
			isa = XCBuildConfiguration;
			buildSettings = {
				ALWAYS_SEARCH_USER_PATHS = NO;
				CLANG_ANALYZER_NONNULL = YES;
				CLANG_ANALYZER_NUMBER_OBJECT_CONVERSION = YES_AGGRESSIVE;
				CLANG_CXX_LANGUAGE_STANDARD = "gnu++14";
				CLANG_CXX_LIBRARY = "libc++";
				CLANG_ENABLE_MODULES = YES;
				CLANG_ENABLE_OBJC_ARC = YES;
				CLANG_ENABLE_OBJC_WEAK = YES;
				CLANG_WARN_BLOCK_CAPTURE_AUTORELEASING = YES;
				CLANG_WARN_BOOL_CONVERSION = YES;
				CLANG_WARN_COMMA = YES;
				CLANG_WARN_CONSTANT_CONVERSION = YES;
				CLANG_WARN_DEPRECATED_OBJC_IMPLEMENTATIONS = YES;
				CLANG_WARN_DIRECT_OBJC_ISA_USAGE = YES_ERROR;
				CLANG_WARN_DOCUMENTATION_COMMENTS = YES;
				CLANG_WARN_EMPTY_BODY = YES;
				CLANG_WARN_ENUM_CONVERSION = YES;
				CLANG_WARN_INFINITE_RECURSION = YES;
				CLANG_WARN_INT_CONVERSION = YES;
				CLANG_WARN_NON_LITERAL_NULL_CONVERSION = YES;
				CLANG_WARN_OBJC_IMPLICIT_RETAIN_SELF = YES;
				CLANG_WARN_OBJC_LITERAL_CONVERSION = YES;
				CLANG_WARN_OBJC_ROOT_CLASS = YES_ERROR;
				CLANG_WARN_QUOTED_INCLUDE_IN_FRAMEWORK_HEADER = YES;
				CLANG_WARN_RANGE_LOOP_ANALYSIS = YES;
				CLANG_WARN_STRICT_PROTOTYPES = YES;
				CLANG_WARN_SUSPICIOUS_MOVE = YES;
				CLANG_WARN_UNGUARDED_AVAILABILITY = YES_AGGRESSIVE;
				CLANG_WARN_UNREACHABLE_CODE = YES;
				CLANG_WARN__DUPLICATE_METHOD_MATCH = YES;
				COPY_PHASE_STRIP = NO;
				DEBUG_INFORMATION_FORMAT = dwarf;
				ENABLE_STRICT_OBJC_MSGSEND = YES;
				ENABLE_TESTABILITY = YES;
				GCC_C_LANGUAGE_STANDARD = gnu11;
				GCC_DYNAMIC_NO_PIC = NO;
				GCC_NO_COMMON_BLOCKS = YES;
				GCC_OPTIMIZATION_LEVEL = 0;
				GCC_PREPROCESSOR_DEFINITIONS = (
					"DEBUG=1",
					"$(inherited)",
				);
				GCC_WARN_64_TO_32_BIT_CONVERSION = YES;
				GCC_WARN_ABOUT_RETURN_TYPE = YES_ERROR;
				GCC_WARN_UNDECLARED_SELECTOR = YES;
				GCC_WARN_UNINITIALIZED_AUTOS = YES_AGGRESSIVE;
				GCC_WARN_UNUSED_FUNCTION = YES;
				GCC_WARN_UNUSED_VARIABLE = YES;
				IPHONEOS_DEPLOYMENT_TARGET = 14.4;
				MTL_ENABLE_DEBUG_INFO = INCLUDE_SOURCE;
				MTL_FAST_MATH = YES;
				ONLY_ACTIVE_ARCH = YES;
				SDKROOT = iphoneos;
				SWIFT_ACTIVE_COMPILATION_CONDITIONS = DEBUG;
				SWIFT_OPTIMIZATION_LEVEL = "-Onone";
			};
			name = Debug;
		};
		CFB50D5D25D5C95B00A41372 /* Release */ = {
			isa = XCBuildConfiguration;
			buildSettings = {
				ALWAYS_SEARCH_USER_PATHS = NO;
				CLANG_ANALYZER_NONNULL = YES;
				CLANG_ANALYZER_NUMBER_OBJECT_CONVERSION = YES_AGGRESSIVE;
				CLANG_CXX_LANGUAGE_STANDARD = "gnu++14";
				CLANG_CXX_LIBRARY = "libc++";
				CLANG_ENABLE_MODULES = YES;
				CLANG_ENABLE_OBJC_ARC = YES;
				CLANG_ENABLE_OBJC_WEAK = YES;
				CLANG_WARN_BLOCK_CAPTURE_AUTORELEASING = YES;
				CLANG_WARN_BOOL_CONVERSION = YES;
				CLANG_WARN_COMMA = YES;
				CLANG_WARN_CONSTANT_CONVERSION = YES;
				CLANG_WARN_DEPRECATED_OBJC_IMPLEMENTATIONS = YES;
				CLANG_WARN_DIRECT_OBJC_ISA_USAGE = YES_ERROR;
				CLANG_WARN_DOCUMENTATION_COMMENTS = YES;
				CLANG_WARN_EMPTY_BODY = YES;
				CLANG_WARN_ENUM_CONVERSION = YES;
				CLANG_WARN_INFINITE_RECURSION = YES;
				CLANG_WARN_INT_CONVERSION = YES;
				CLANG_WARN_NON_LITERAL_NULL_CONVERSION = YES;
				CLANG_WARN_OBJC_IMPLICIT_RETAIN_SELF = YES;
				CLANG_WARN_OBJC_LITERAL_CONVERSION = YES;
				CLANG_WARN_OBJC_ROOT_CLASS = YES_ERROR;
				CLANG_WARN_QUOTED_INCLUDE_IN_FRAMEWORK_HEADER = YES;
				CLANG_WARN_RANGE_LOOP_ANALYSIS = YES;
				CLANG_WARN_STRICT_PROTOTYPES = YES;
				CLANG_WARN_SUSPICIOUS_MOVE = YES;
				CLANG_WARN_UNGUARDED_AVAILABILITY = YES_AGGRESSIVE;
				CLANG_WARN_UNREACHABLE_CODE = YES;
				CLANG_WARN__DUPLICATE_METHOD_MATCH = YES;
				COPY_PHASE_STRIP = NO;
				DEBUG_INFORMATION_FORMAT = "dwarf-with-dsym";
				ENABLE_NS_ASSERTIONS = NO;
				ENABLE_STRICT_OBJC_MSGSEND = YES;
				GCC_C_LANGUAGE_STANDARD = gnu11;
				GCC_NO_COMMON_BLOCKS = YES;
				GCC_WARN_64_TO_32_BIT_CONVERSION = YES;
				GCC_WARN_ABOUT_RETURN_TYPE = YES_ERROR;
				GCC_WARN_UNDECLARED_SELECTOR = YES;
				GCC_WARN_UNINITIALIZED_AUTOS = YES_AGGRESSIVE;
				GCC_WARN_UNUSED_FUNCTION = YES;
				GCC_WARN_UNUSED_VARIABLE = YES;
				IPHONEOS_DEPLOYMENT_TARGET = 14.4;
				MTL_ENABLE_DEBUG_INFO = NO;
				MTL_FAST_MATH = YES;
				SDKROOT = iphoneos;
				SWIFT_COMPILATION_MODE = wholemodule;
				SWIFT_OPTIMIZATION_LEVEL = "-O";
				VALIDATE_PRODUCT = YES;
			};
			name = Release;
		};
		CFB50D5F25D5C95B00A41372 /* Debug */ = {
			isa = XCBuildConfiguration;
			buildSettings = {
				ASSETCATALOG_COMPILER_APPICON_NAME = AppIcon;
				ASSETCATALOG_COMPILER_GLOBAL_ACCENT_COLOR_NAME = AccentColor;
				CODE_SIGN_STYLE = Automatic;
				INFOPLIST_FILE = Flix/Info.plist;
				LD_RUNPATH_SEARCH_PATHS = (
					"$(inherited)",
					"@executable_path/Frameworks",
				);
				PRODUCT_BUNDLE_IDENTIFIER = memo.com.Flix;
				PRODUCT_NAME = "$(TARGET_NAME)";
				SWIFT_VERSION = 5.0;
				TARGETED_DEVICE_FAMILY = "1,2";
			};
			name = Debug;
		};
		CFB50D6025D5C95B00A41372 /* Release */ = {
			isa = XCBuildConfiguration;
			buildSettings = {
				ASSETCATALOG_COMPILER_APPICON_NAME = AppIcon;
				ASSETCATALOG_COMPILER_GLOBAL_ACCENT_COLOR_NAME = AccentColor;
				CODE_SIGN_STYLE = Automatic;
				INFOPLIST_FILE = Flix/Info.plist;
				LD_RUNPATH_SEARCH_PATHS = (
					"$(inherited)",
					"@executable_path/Frameworks",
				);
				PRODUCT_BUNDLE_IDENTIFIER = memo.com.Flix;
				PRODUCT_NAME = "$(TARGET_NAME)";
				SWIFT_VERSION = 5.0;
				TARGETED_DEVICE_FAMILY = "1,2";
			};
			name = Release;
		};
		CFB50D6225D5C95B00A41372 /* Debug */ = {
			isa = XCBuildConfiguration;
			buildSettings = {
				ALWAYS_EMBED_SWIFT_STANDARD_LIBRARIES = YES;
				BUNDLE_LOADER = "$(TEST_HOST)";
				CODE_SIGN_STYLE = Automatic;
				INFOPLIST_FILE = FlixTests/Info.plist;
				IPHONEOS_DEPLOYMENT_TARGET = 14.4;
				LD_RUNPATH_SEARCH_PATHS = (
					"$(inherited)",
					"@executable_path/Frameworks",
					"@loader_path/Frameworks",
				);
				PRODUCT_BUNDLE_IDENTIFIER = memo.com.FlixTests;
				PRODUCT_NAME = "$(TARGET_NAME)";
				SWIFT_VERSION = 5.0;
				TARGETED_DEVICE_FAMILY = "1,2";
				TEST_HOST = "$(BUILT_PRODUCTS_DIR)/Flix.app/Flix";
			};
			name = Debug;
		};
		CFB50D6325D5C95B00A41372 /* Release */ = {
			isa = XCBuildConfiguration;
			buildSettings = {
				ALWAYS_EMBED_SWIFT_STANDARD_LIBRARIES = YES;
				BUNDLE_LOADER = "$(TEST_HOST)";
				CODE_SIGN_STYLE = Automatic;
				INFOPLIST_FILE = FlixTests/Info.plist;
				IPHONEOS_DEPLOYMENT_TARGET = 14.4;
				LD_RUNPATH_SEARCH_PATHS = (
					"$(inherited)",
					"@executable_path/Frameworks",
					"@loader_path/Frameworks",
				);
				PRODUCT_BUNDLE_IDENTIFIER = memo.com.FlixTests;
				PRODUCT_NAME = "$(TARGET_NAME)";
				SWIFT_VERSION = 5.0;
				TARGETED_DEVICE_FAMILY = "1,2";
				TEST_HOST = "$(BUILT_PRODUCTS_DIR)/Flix.app/Flix";
			};
			name = Release;
		};
		CFB50D6525D5C95B00A41372 /* Debug */ = {
			isa = XCBuildConfiguration;
			buildSettings = {
				ALWAYS_EMBED_SWIFT_STANDARD_LIBRARIES = YES;
				CODE_SIGN_STYLE = Automatic;
				INFOPLIST_FILE = FlixUITests/Info.plist;
				LD_RUNPATH_SEARCH_PATHS = (
					"$(inherited)",
					"@executable_path/Frameworks",
					"@loader_path/Frameworks",
				);
				PRODUCT_BUNDLE_IDENTIFIER = memo.com.FlixUITests;
				PRODUCT_NAME = "$(TARGET_NAME)";
				SWIFT_VERSION = 5.0;
				TARGETED_DEVICE_FAMILY = "1,2";
				TEST_TARGET_NAME = Flix;
			};
			name = Debug;
		};
		CFB50D6625D5C95B00A41372 /* Release */ = {
			isa = XCBuildConfiguration;
			buildSettings = {
				ALWAYS_EMBED_SWIFT_STANDARD_LIBRARIES = YES;
				CODE_SIGN_STYLE = Automatic;
				INFOPLIST_FILE = FlixUITests/Info.plist;
				LD_RUNPATH_SEARCH_PATHS = (
					"$(inherited)",
					"@executable_path/Frameworks",
					"@loader_path/Frameworks",
				);
				PRODUCT_BUNDLE_IDENTIFIER = memo.com.FlixUITests;
				PRODUCT_NAME = "$(TARGET_NAME)";
				SWIFT_VERSION = 5.0;
				TARGETED_DEVICE_FAMILY = "1,2";
				TEST_TARGET_NAME = Flix;
			};
			name = Release;
		};
/* End XCBuildConfiguration section */

/* Begin XCConfigurationList section */
		CFB50D2F25D5C95500A41372 /* Build configuration list for PBXProject "Flix" */ = {
			isa = XCConfigurationList;
			buildConfigurations = (
				CFB50D5C25D5C95B00A41372 /* Debug */,
				CFB50D5D25D5C95B00A41372 /* Release */,
			);
			defaultConfigurationIsVisible = 0;
			defaultConfigurationName = Release;
		};
		CFB50D5E25D5C95B00A41372 /* Build configuration list for PBXNativeTarget "Flix" */ = {
			isa = XCConfigurationList;
			buildConfigurations = (
				CFB50D5F25D5C95B00A41372 /* Debug */,
				CFB50D6025D5C95B00A41372 /* Release */,
			);
			defaultConfigurationIsVisible = 0;
			defaultConfigurationName = Release;
		};
		CFB50D6125D5C95B00A41372 /* Build configuration list for PBXNativeTarget "FlixTests" */ = {
			isa = XCConfigurationList;
			buildConfigurations = (
				CFB50D6225D5C95B00A41372 /* Debug */,
				CFB50D6325D5C95B00A41372 /* Release */,
			);
			defaultConfigurationIsVisible = 0;
			defaultConfigurationName = Release;
		};
		CFB50D6425D5C95B00A41372 /* Build configuration list for PBXNativeTarget "FlixUITests" */ = {
			isa = XCConfigurationList;
			buildConfigurations = (
				CFB50D6525D5C95B00A41372 /* Debug */,
				CFB50D6625D5C95B00A41372 /* Release */,
			);
			defaultConfigurationIsVisible = 0;
			defaultConfigurationName = Release;
		};
/* End XCConfigurationList section */
	};
	rootObject = CFB50D2C25D5C95500A41372 /* Project object */;
}
